// !$*UTF8*$!
{
	archiveVersion = 1;
	classes = {
	};
	objectVersion = 46;
	objects = {

/* Begin PBXBuildFile section */
		6BC31D2E1E864EDD00E69001 /* main.m in Sources */ = {isa = PBXBuildFile; fileRef = 6BC31D2D1E864EDD00E69001 /* main.m */; };
		6BC31D311E864EDD00E69001 /* AppDelegate.m in Sources */ = {isa = PBXBuildFile; fileRef = 6BC31D301E864EDD00E69001 /* AppDelegate.m */; };
		6BC31D341E864EDD00E69001 /* ViewController.m in Sources */ = {isa = PBXBuildFile; fileRef = 6BC31D331E864EDD00E69001 /* ViewController.m */; };
		6BC31D371E864EDE00E69001 /* Main.storyboard in Resources */ = {isa = PBXBuildFile; fileRef = 6BC31D351E864EDE00E69001 /* Main.storyboard */; };
		6BC31D391E864EDE00E69001 /* Assets.xcassets in Resources */ = {isa = PBXBuildFile; fileRef = 6BC31D381E864EDE00E69001 /* Assets.xcassets */; };
		6BC31D3C1E864EDE00E69001 /* LaunchScreen.storyboard in Resources */ = {isa = PBXBuildFile; fileRef = 6BC31D3A1E864EDE00E69001 /* LaunchScreen.storyboard */; };
		6BC31D471E864EDE00E69001 /* GITTests.m in Sources */ = {isa = PBXBuildFile; fileRef = 6BC31D461E864EDE00E69001 /* GITTests.m */; };
		6BC31D521E864EDE00E69001 /* GITUITests.m in Sources */ = {isa = PBXBuildFile; fileRef = 6BC31D511E864EDE00E69001 /* GITUITests.m */; };
/* End PBXBuildFile section */

/* Begin PBXContainerItemProxy section */
		6BC31D431E864EDE00E69001 /* PBXContainerItemProxy */ = {
			isa = PBXContainerItemProxy;
			containerPortal = 6BC31D211E864EDD00E69001 /* Project object */;
			proxyType = 1;
			remoteGlobalIDString = 6BC31D281E864EDD00E69001;
			remoteInfo = GIT;
		};
		6BC31D4E1E864EDE00E69001 /* PBXContainerItemProxy */ = {
			isa = PBXContainerItemProxy;
			containerPortal = 6BC31D211E864EDD00E69001 /* Project object */;
			proxyType = 1;
			remoteGlobalIDString = 6BC31D281E864EDD00E69001;
			remoteInfo = GIT;
		};
/* End PBXContainerItemProxy section */

/* Begin PBXFileReference section */
		6BC31D291E864EDD00E69001 /* GIT.app */ = {isa = PBXFileReference; explicitFileType = wrapper.application; includeInIndex = 0; path = GIT.app; sourceTree = BUILT_PRODUCTS_DIR; };
		6BC31D2D1E864EDD00E69001 /* main.m */ = {isa = PBXFileReference; lastKnownFileType = sourcecode.c.objc; path = main.m; sourceTree = "<group>"; };
		6BC31D2F1E864EDD00E69001 /* AppDelegate.h */ = {isa = PBXFileReference; lastKnownFileType = sourcecode.c.h; path = AppDelegate.h; sourceTree = "<group>"; };
		6BC31D301E864EDD00E69001 /* AppDelegate.m */ = {isa = PBXFileReference; lastKnownFileType = sourcecode.c.objc; path = AppDelegate.m; sourceTree = "<group>"; };
		6BC31D321E864EDD00E69001 /* ViewController.h */ = {isa = PBXFileReference; lastKnownFileType = sourcecode.c.h; path = ViewController.h; sourceTree = "<group>"; };
		6BC31D331E864EDD00E69001 /* ViewController.m */ = {isa = PBXFileReference; lastKnownFileType = sourcecode.c.objc; path = ViewController.m; sourceTree = "<group>"; };
		6BC31D361E864EDE00E69001 /* Base */ = {isa = PBXFileReference; lastKnownFileType = file.storyboard; name = Base; path = Base.lproj/Main.storyboard; sourceTree = "<group>"; };
		6BC31D381E864EDE00E69001 /* Assets.xcassets */ = {isa = PBXFileReference; lastKnownFileType = folder.assetcatalog; path = Assets.xcassets; sourceTree = "<group>"; };
		6BC31D3B1E864EDE00E69001 /* Base */ = {isa = PBXFileReference; lastKnownFileType = file.storyboard; name = Base; path = Base.lproj/LaunchScreen.storyboard; sourceTree = "<group>"; };
		6BC31D3D1E864EDE00E69001 /* Info.plist */ = {isa = PBXFileReference; lastKnownFileType = text.plist.xml; path = Info.plist; sourceTree = "<group>"; };
		6BC31D421E864EDE00E69001 /* GITTests.xctest */ = {isa = PBXFileReference; explicitFileType = wrapper.cfbundle; includeInIndex = 0; path = GITTests.xctest; sourceTree = BUILT_PRODUCTS_DIR; };
		6BC31D461E864EDE00E69001 /* GITTests.m */ = {isa = PBXFileReference; lastKnownFileType = sourcecode.c.objc; path = GITTests.m; sourceTree = "<group>"; };
		6BC31D481E864EDE00E69001 /* Info.plist */ = {isa = PBXFileReference; lastKnownFileType = text.plist.xml; path = Info.plist; sourceTree = "<group>"; };
		6BC31D4D1E864EDE00E69001 /* GITUITests.xctest */ = {isa = PBXFileReference; explicitFileType = wrapper.cfbundle; includeInIndex = 0; path = GITUITests.xctest; sourceTree = BUILT_PRODUCTS_DIR; };
		6BC31D511E864EDE00E69001 /* GITUITests.m */ = {isa = PBXFileReference; lastKnownFileType = sourcecode.c.objc; path = GITUITests.m; sourceTree = "<group>"; };
		6BC31D531E864EDE00E69001 /* Info.plist */ = {isa = PBXFileReference; lastKnownFileType = text.plist.xml; path = Info.plist; sourceTree = "<group>"; };
/* End PBXFileReference section */

/* Begin PBXFrameworksBuildPhase section */
		6BC31D261E864EDD00E69001 /* Frameworks */ = {
			isa = PBXFrameworksBuildPhase;
			buildActionMask = 2147483647;
			files = (
			);
			runOnlyForDeploymentPostprocessing = 0;
		};
		6BC31D3F1E864EDE00E69001 /* Frameworks */ = {
			isa = PBXFrameworksBuildPhase;
			buildActionMask = 2147483647;
			files = (
			);
			runOnlyForDeploymentPostprocessing = 0;
		};
		6BC31D4A1E864EDE00E69001 /* Frameworks */ = {
			isa = PBXFrameworksBuildPhase;
			buildActionMask = 2147483647;
			files = (
			);
			runOnlyForDeploymentPostprocessing = 0;
		};
/* End PBXFrameworksBuildPhase section */

/* Begin PBXGroup section */
		6BC31D201E864EDD00E69001 = {
			isa = PBXGroup;
			children = (
				6BC31D2B1E864EDD00E69001 /* GIT */,
				6BC31D451E864EDE00E69001 /* GITTests */,
				6BC31D501E864EDE00E69001 /* GITUITests */,
				6BC31D2A1E864EDD00E69001 /* Products */,
			);
			sourceTree = "<group>";
		};
		6BC31D2A1E864EDD00E69001 /* Products */ = {
			isa = PBXGroup;
			children = (
				6BC31D291E864EDD00E69001 /* GIT.app */,
				6BC31D421E864EDE00E69001 /* GITTests.xctest */,
				6BC31D4D1E864EDE00E69001 /* GITUITests.xctest */,
			);
			name = Products;
			sourceTree = "<group>";
		};
		6BC31D2B1E864EDD00E69001 /* GIT */ = {
			isa = PBXGroup;
			children = (
				6BC31D2F1E864EDD00E69001 /* AppDelegate.h */,
				6BC31D301E864EDD00E69001 /* AppDelegate.m */,
				6BC31D321E864EDD00E69001 /* ViewController.h */,
				6BC31D331E864EDD00E69001 /* ViewController.m */,
				6BC31D351E864EDE00E69001 /* Main.storyboard */,
				6BC31D381E864EDE00E69001 /* Assets.xcassets */,
				6BC31D3A1E864EDE00E69001 /* LaunchScreen.storyboard */,
				6BC31D3D1E864EDE00E69001 /* Info.plist */,
				6BC31D2C1E864EDD00E69001 /* Supporting Files */,
			);
			path = GIT;
			sourceTree = "<group>";
		};
		6BC31D2C1E864EDD00E69001 /* Supporting Files */ = {
			isa = PBXGroup;
			children = (
				6BC31D2D1E864EDD00E69001 /* main.m */,
			);
			name = "Supporting Files";
			sourceTree = "<group>";
		};
		6BC31D451E864EDE00E69001 /* GITTests */ = {
			isa = PBXGroup;
			children = (
				6BC31D461E864EDE00E69001 /* GITTests.m */,
				6BC31D481E864EDE00E69001 /* Info.plist */,
			);
			path = GITTests;
			sourceTree = "<group>";
		};
		6BC31D501E864EDE00E69001 /* GITUITests */ = {
			isa = PBXGroup;
			children = (
				6BC31D511E864EDE00E69001 /* GITUITests.m */,
				6BC31D531E864EDE00E69001 /* Info.plist */,
			);
			path = GITUITests;
			sourceTree = "<group>";
		};
/* End PBXGroup section */

/* Begin PBXNativeTarget section */
		6BC31D281E864EDD00E69001 /* GIT */ = {
			isa = PBXNativeTarget;
			buildConfigurationList = 6BC31D561E864EDE00E69001 /* Build configuration list for PBXNativeTarget "GIT" */;
			buildPhases = (
				6BC31D251E864EDD00E69001 /* Sources */,
				6BC31D261E864EDD00E69001 /* Frameworks */,
				6BC31D271E864EDD00E69001 /* Resources */,
			);
			buildRules = (
			);
			dependencies = (
			);
			name = GIT;
			productName = GIT;
			productReference = 6BC31D291E864EDD00E69001 /* GIT.app */;
			productType = "com.apple.product-type.application";
		};
		6BC31D411E864EDE00E69001 /* GITTests */ = {
			isa = PBXNativeTarget;
			buildConfigurationList = 6BC31D591E864EDE00E69001 /* Build configuration list for PBXNativeTarget "GITTests" */;
			buildPhases = (
				6BC31D3E1E864EDE00E69001 /* Sources */,
				6BC31D3F1E864EDE00E69001 /* Frameworks */,
				6BC31D401E864EDE00E69001 /* Resources */,
			);
			buildRules = (
			);
			dependencies = (
				6BC31D441E864EDE00E69001 /* PBXTargetDependency */,
			);
			name = GITTests;
			productName = GITTests;
			productReference = 6BC31D421E864EDE00E69001 /* GITTests.xctest */;
			productType = "com.apple.product-type.bundle.unit-test";
		};
		6BC31D4C1E864EDE00E69001 /* GITUITests */ = {
			isa = PBXNativeTarget;
			buildConfigurationList = 6BC31D5C1E864EDE00E69001 /* Build configuration list for PBXNativeTarget "GITUITests" */;
			buildPhases = (
				6BC31D491E864EDE00E69001 /* Sources */,
				6BC31D4A1E864EDE00E69001 /* Frameworks */,
				6BC31D4B1E864EDE00E69001 /* Resources */,
			);
			buildRules = (
			);
			dependencies = (
				6BC31D4F1E864EDE00E69001 /* PBXTargetDependency */,
			);
			name = GITUITests;
			productName = GITUITests;
			productReference = 6BC31D4D1E864EDE00E69001 /* GITUITests.xctest */;
			productType = "com.apple.product-type.bundle.ui-testing";
		};
/* End PBXNativeTarget section */

/* Begin PBXProject section */
		6BC31D211E864EDD00E69001 /* Project object */ = {
			isa = PBXProject;
			attributes = {
				LastUpgradeCheck = 0820;
				ORGANIZATIONNAME = sai;
				TargetAttributes = {
					6BC31D281E864EDD00E69001 = {
						CreatedOnToolsVersion = 8.2.1;
						DevelopmentTeam = E8FDK5MRZ5;
						ProvisioningStyle = Automatic;
					};
					6BC31D411E864EDE00E69001 = {
						CreatedOnToolsVersion = 8.2.1;
						DevelopmentTeam = E8FDK5MRZ5;
						ProvisioningStyle = Automatic;
						TestTargetID = 6BC31D281E864EDD00E69001;
					};
					6BC31D4C1E864EDE00E69001 = {
						CreatedOnToolsVersion = 8.2.1;
						DevelopmentTeam = E8FDK5MRZ5;
						ProvisioningStyle = Automatic;
						TestTargetID = 6BC31D281E864EDD00E69001;
					};
				};
			};
			buildConfigurationList = 6BC31D241E864EDD00E69001 /* Build configuration list for PBXProject "GIT" */;
			compatibilityVersion = "Xcode 3.2";
			developmentRegion = English;
			hasScannedForEncodings = 0;
			knownRegions = (
				en,
				Base,
			);
			mainGroup = 6BC31D201E864EDD00E69001;
			productRefGroup = 6BC31D2A1E864EDD00E69001 /* Products */;
			projectDirPath = "";
			projectRoot = "";
			targets = (
				6BC31D281E864EDD00E69001 /* GIT */,
				6BC31D411E864EDE00E69001 /* GITTests */,
				6BC31D4C1E864EDE00E69001 /* GITUITests */,
			);
		};
/* End PBXProject section */

/* Begin PBXResourcesBuildPhase section */
		6BC31D271E864EDD00E69001 /* Resources */ = {
			isa = PBXResourcesBuildPhase;
			buildActionMask = 2147483647;
			files = (
				6BC31D3C1E864EDE00E69001 /* LaunchScreen.storyboard in Resources */,
				6BC31D391E864EDE00E69001 /* Assets.xcassets in Resources */,
				6BC31D371E864EDE00E69001 /* Main.storyboard in Resources */,
			);
			runOnlyForDeploymentPostprocessing = 0;
		};
		6BC31D401E864EDE00E69001 /* Resources */ = {
			isa = PBXResourcesBuildPhase;
			buildActionMask = 2147483647;
			files = (
			);
			runOnlyForDeploymentPostprocessing = 0;
		};
		6BC31D4B1E864EDE00E69001 /* Resources */ = {
			isa = PBXResourcesBuildPhase;
			buildActionMask = 2147483647;
			files = (
			);
			runOnlyForDeploymentPostprocessing = 0;
		};
/* End PBXResourcesBuildPhase section */

/* Begin PBXSourcesBuildPhase section */
		6BC31D251E864EDD00E69001 /* Sources */ = {
			isa = PBXSourcesBuildPhase;
			buildActionMask = 2147483647;
			files = (
				6BC31D341E864EDD00E69001 /* ViewController.m in Sources */,
				6BC31D311E864EDD00E69001 /* AppDelegate.m in Sources */,
				6BC31D2E1E864EDD00E69001 /* main.m in Sources */,
			);
			runOnlyForDeploymentPostprocessing = 0;
		};
		6BC31D3E1E864EDE00E69001 /* Sources */ = {
			isa = PBXSourcesBuildPhase;
			buildActionMask = 2147483647;
			files = (
				6BC31D471E864EDE00E69001 /* GITTests.m in Sources */,
			);
			runOnlyForDeploymentPostprocessing = 0;
		};
		6BC31D491E864EDE00E69001 /* Sources */ = {
			isa = PBXSourcesBuildPhase;
			buildActionMask = 2147483647;
			files = (
				6BC31D521E864EDE00E69001 /* GITUITests.m in Sources */,
			);
			runOnlyForDeploymentPostprocessing = 0;
		};
/* End PBXSourcesBuildPhase section */

/* Begin PBXTargetDependency section */
		6BC31D441E864EDE00E69001 /* PBXTargetDependency */ = {
			isa = PBXTargetDependency;
			target = 6BC31D281E864EDD00E69001 /* GIT */;
			targetProxy = 6BC31D431E864EDE00E69001 /* PBXContainerItemProxy */;
		};
		6BC31D4F1E864EDE00E69001 /* PBXTargetDependency */ = {
			isa = PBXTargetDependency;
			target = 6BC31D281E864EDD00E69001 /* GIT */;
			targetProxy = 6BC31D4E1E864EDE00E69001 /* PBXContainerItemProxy */;
		};
/* End PBXTargetDependency section */

/* Begin PBXVariantGroup section */
		6BC31D351E864EDE00E69001 /* Main.storyboard */ = {
			isa = PBXVariantGroup;
			children = (
				6BC31D361E864EDE00E69001 /* Base */,
			);
			name = Main.storyboard;
			sourceTree = "<group>";
		};
		6BC31D3A1E864EDE00E69001 /* LaunchScreen.storyboard */ = {
			isa = PBXVariantGroup;
			children = (
				6BC31D3B1E864EDE00E69001 /* Base */,
			);
			name = LaunchScreen.storyboard;
			sourceTree = "<group>";
		};
/* End PBXVariantGroup section */

/* Begin XCBuildConfiguration section */
		6BC31D541E864EDE00E69001 /* Debug */ = {
			isa = XCBuildConfiguration;
			buildSettings = {
				ALWAYS_SEARCH_USER_PATHS = NO;
				CLANG_ANALYZER_NONNULL = YES;
				CLANG_CXX_LANGUAGE_STANDARD = "gnu++0x";
				CLANG_CXX_LIBRARY = "libc++";
				CLANG_ENABLE_MODULES = YES;
				CLANG_ENABLE_OBJC_ARC = YES;
				CLANG_WARN_BOOL_CONVERSION = YES;
				CLANG_WARN_CONSTANT_CONVERSION = YES;
				CLANG_WARN_DIRECT_OBJC_ISA_USAGE = YES_ERROR;
				CLANG_WARN_DOCUMENTATION_COMMENTS = YES;
				CLANG_WARN_EMPTY_BODY = YES;
				CLANG_WARN_ENUM_CONVERSION = YES;
				CLANG_WARN_INFINITE_RECURSION = YES;
				CLANG_WARN_INT_CONVERSION = YES;
				CLANG_WARN_OBJC_ROOT_CLASS = YES_ERROR;
				CLANG_WARN_SUSPICIOUS_MOVE = YES;
				CLANG_WARN_UNREACHABLE_CODE = YES;
				CLANG_WARN__DUPLICATE_METHOD_MATCH = YES;
				"CODE_SIGN_IDENTITY[sdk=iphoneos*]" = "iPhone Developer";
				COPY_PHASE_STRIP = NO;
				DEBUG_INFORMATION_FORMAT = dwarf;
				ENABLE_STRICT_OBJC_MSGSEND = YES;
				ENABLE_TESTABILITY = YES;
				GCC_C_LANGUAGE_STANDARD = gnu99;
				GCC_DYNAMIC_NO_PIC = NO;
				GCC_NO_COMMON_BLOCKS = YES;
				GCC_OPTIMIZATION_LEVEL = 0;
				GCC_PREPROCESSOR_DEFINITIONS = (
					"DEBUG=1",
					"$(inherited)",
				);
				GCC_WARN_64_TO_32_BIT_CONVERSION = YES;
				GCC_WARN_ABOUT_RETURN_TYPE = YES_ERROR;
				GCC_WARN_UNDECLARED_SELECTOR = YES;
				GCC_WARN_UNINITIALIZED_AUTOS = YES_AGGRESSIVE;
				GCC_WARN_UNUSED_FUNCTION = YES;
				GCC_WARN_UNUSED_VARIABLE = YES;
				IPHONEOS_DEPLOYMENT_TARGET = 10.2;
				MTL_ENABLE_DEBUG_INFO = YES;
				ONLY_ACTIVE_ARCH = YES;
				SDKROOT = iphoneos;
				TARGETED_DEVICE_FAMILY = "1,2";
			};
			name = Debug;
		};
		6BC31D551E864EDE00E69001 /* Release */ = {
			isa = XCBuildConfiguration;
			buildSettings = {
				ALWAYS_SEARCH_USER_PATHS = NO;
				CLANG_ANALYZER_NONNULL = YES;
				CLANG_CXX_LANGUAGE_STANDARD = "gnu++0x";
				CLANG_CXX_LIBRARY = "libc++";
				CLANG_ENABLE_MODULES = YES;
				CLANG_ENABLE_OBJC_ARC = YES;
				CLANG_WARN_BOOL_CONVERSION = YES;
				CLANG_WARN_CONSTANT_CONVERSION = YES;
				CLANG_WARN_DIRECT_OBJC_ISA_USAGE = YES_ERROR;
				CLANG_WARN_DOCUMENTATION_COMMENTS = YES;
				CLANG_WARN_EMPTY_BODY = YES;
				CLANG_WARN_ENUM_CONVERSION = YES;
				CLANG_WARN_INFINITE_RECURSION = YES;
				CLANG_WARN_INT_CONVERSION = YES;
				CLANG_WARN_OBJC_ROOT_CLASS = YES_ERROR;
				CLANG_WARN_SUSPICIOUS_MOVE = YES;
				CLANG_WARN_UNREACHABLE_CODE = YES;
				CLANG_WARN__DUPLICATE_METHOD_MATCH = YES;
				"CODE_SIGN_IDENTITY[sdk=iphoneos*]" = "iPhone Developer";
				COPY_PHASE_STRIP = NO;
				DEBUG_INFORMATION_FORMAT = "dwarf-with-dsym";
				ENABLE_NS_ASSERTIONS = NO;
				ENABLE_STRICT_OBJC_MSGSEND = YES;
				GCC_C_LANGUAGE_STANDARD = gnu99;
				GCC_NO_COMMON_BLOCKS = YES;
				GCC_WARN_64_TO_32_BIT_CONVERSION = YES;
				GCC_WARN_ABOUT_RETURN_TYPE = YES_ERROR;
				GCC_WARN_UNDECLARED_SELECTOR = YES;
				GCC_WARN_UNINITIALIZED_AUTOS = YES_AGGRESSIVE;
				GCC_WARN_UNUSED_FUNCTION = YES;
				GCC_WARN_UNUSED_VARIABLE = YES;
				IPHONEOS_DEPLOYMENT_TARGET = 10.2;
				MTL_ENABLE_DEBUG_INFO = NO;
				SDKROOT = iphoneos;
				TARGETED_DEVICE_FAMILY = "1,2";
				VALIDATE_PRODUCT = YES;
			};
			name = Release;
		};
		6BC31D571E864EDE00E69001 /* Debug */ = {
			isa = XCBuildConfiguration;
			buildSettings = {
				ASSETCATALOG_COMPILER_APPICON_NAME = AppIcon;
				DEVELOPMENT_TEAM = E8FDK5MRZ5;
				INFOPLIST_FILE = GIT/Info.plist;
				LD_RUNPATH_SEARCH_PATHS = "$(inherited) @executable_path/Frameworks";
				PRODUCT_BUNDLE_IDENTIFIER = com.indobytes.GIT;
				PRODUCT_NAME = "$(TARGET_NAME)";
			};
			name = Debug;
		};
		6BC31D581E864EDE00E69001 /* Release */ = {
			isa = XCBuildConfiguration;
			buildSettings = {
				ASSETCATALOG_COMPILER_APPICON_NAME = AppIcon;
				DEVELOPMENT_TEAM = E8FDK5MRZ5;
				INFOPLIST_FILE = GIT/Info.plist;
				LD_RUNPATH_SEARCH_PATHS = "$(inherited) @executable_path/Frameworks";
				PRODUCT_BUNDLE_IDENTIFIER = com.indobytes.GIT;
				PRODUCT_NAME = "$(TARGET_NAME)";
			};
			name = Release;
		};
		6BC31D5A1E864EDE00E69001 /* Debug */ = {
			isa = XCBuildConfiguration;
			buildSettings = {
				BUNDLE_LOADER = "$(TEST_HOST)";
				DEVELOPMENT_TEAM = E8FDK5MRZ5;
				INFOPLIST_FILE = GITTests/Info.plist;
				LD_RUNPATH_SEARCH_PATHS = "$(inherited) @executable_path/Frameworks @loader_path/Frameworks";
				PRODUCT_BUNDLE_IDENTIFIER = com.indobytes.GITTests;
				PRODUCT_NAME = "$(TARGET_NAME)";
				TEST_HOST = "$(BUILT_PRODUCTS_DIR)/GIT.app/GIT";
			};
			name = Debug;
		};
		6BC31D5B1E864EDE00E69001 /* Release */ = {
			isa = XCBuildConfiguration;
			buildSettings = {
				BUNDLE_LOADER = "$(TEST_HOST)";
				DEVELOPMENT_TEAM = E8FDK5MRZ5;
				INFOPLIST_FILE = GITTests/Info.plist;
				LD_RUNPATH_SEARCH_PATHS = "$(inherited) @executable_path/Frameworks @loader_path/Frameworks";
				PRODUCT_BUNDLE_IDENTIFIER = com.indobytes.GITTests;
				PRODUCT_NAME = "$(TARGET_NAME)";
				TEST_HOST = "$(BUILT_PRODUCTS_DIR)/GIT.app/GIT";
			};
			name = Release;
		};
		6BC31D5D1E864EDE00E69001 /* Debug */ = {
			isa = XCBuildConfiguration;
			buildSettings = {
				DEVELOPMENT_TEAM = E8FDK5MRZ5;
				INFOPLIST_FILE = GITUITests/Info.plist;
				LD_RUNPATH_SEARCH_PATHS = "$(inherited) @executable_path/Frameworks @loader_path/Frameworks";
				PRODUCT_BUNDLE_IDENTIFIER = com.indobytes.GITUITests;
				PRODUCT_NAME = "$(TARGET_NAME)";
				TEST_TARGET_NAME = GIT;
			};
			name = Debug;
		};
		6BC31D5E1E864EDE00E69001 /* Release */ = {
			isa = XCBuildConfiguration;
			buildSettings = {
				DEVELOPMENT_TEAM = E8FDK5MRZ5;
				INFOPLIST_FILE = GITUITests/Info.plist;
				LD_RUNPATH_SEARCH_PATHS = "$(inherited) @executable_path/Frameworks @loader_path/Frameworks";
				PRODUCT_BUNDLE_IDENTIFIER = com.indobytes.GITUITests;
				PRODUCT_NAME = "$(TARGET_NAME)";
				TEST_TARGET_NAME = GIT;
			};
			name = Release;
		};
/* End XCBuildConfiguration section */

/* Begin XCConfigurationList section */
		6BC31D241E864EDD00E69001 /* Build configuration list for PBXProject "GIT" */ = {
			isa = XCConfigurationList;
			buildConfigurations = (
				6BC31D541E864EDE00E69001 /* Debug */,
				6BC31D551E864EDE00E69001 /* Release */,
			);
			defaultConfigurationIsVisible = 0;
			defaultConfigurationName = Release;
		};
		6BC31D561E864EDE00E69001 /* Build configuration list for PBXNativeTarget "GIT" */ = {
			isa = XCConfigurationList;
			buildConfigurations = (
				6BC31D571E864EDE00E69001 /* Debug */,
				6BC31D581E864EDE00E69001 /* Release */,
			);
			defaultConfigurationIsVisible = 0;
		};
		6BC31D591E864EDE00E69001 /* Build configuration list for PBXNativeTarget "GITTests" */ = {
			isa = XCConfigurationList;
			buildConfigurations = (
				6BC31D5A1E864EDE00E69001 /* Debug */,
				6BC31D5B1E864EDE00E69001 /* Release */,
			);
			defaultConfigurationIsVisible = 0;
		};
		6BC31D5C1E864EDE00E69001 /* Build configuration list for PBXNativeTarget "GITUITests" */ = {
			isa = XCConfigurationList;
			buildConfigurations = (
				6BC31D5D1E864EDE00E69001 /* Debug */,
				6BC31D5E1E864EDE00E69001 /* Release */,
			);
			defaultConfigurationIsVisible = 0;
		};
/* End XCConfigurationList section */
	};
	rootObject = 6BC31D211E864EDD00E69001 /* Project object */;
}
